// !$*UTF8*$!
{
	archiveVersion = 1;
	classes = {
	};
	objectVersion = 51;
	objects = {

/* Begin PBXBuildFile section */
		CE33DAAB2406531E00DB6127 /* HomeViewModel.swift in Sources */ = {isa = PBXBuildFile; fileRef = CE33DAAA2406531E00DB6127 /* HomeViewModel.swift */; };
		CE33DAB224065E7700DB6127 /* Categories.swift in Sources */ = {isa = PBXBuildFile; fileRef = CE33DAB124065E7700DB6127 /* Categories.swift */; };
		CE33DAB42406636400DB6127 /* CollectionCellViewModel.swift in Sources */ = {isa = PBXBuildFile; fileRef = CE33DAB32406636400DB6127 /* CollectionCellViewModel.swift */; };
		CE36708F240CED6200684C1D /* Data.Ext.swift in Sources */ = {isa = PBXBuildFile; fileRef = CE36708E240CED6200684C1D /* Data.Ext.swift */; };
		CE367093240D3B2900684C1D /* API.Home.swift in Sources */ = {isa = PBXBuildFile; fileRef = CE367092240D3B2900684C1D /* API.Home.swift */; };
		CE367095240D428400684C1D /* UIImageExt.swift in Sources */ = {isa = PBXBuildFile; fileRef = CE367094240D428400684C1D /* UIImageExt.swift */; };
		CE367097240D474000684C1D /* UIKitExt.swift in Sources */ = {isa = PBXBuildFile; fileRef = CE367096240D474000684C1D /* UIKitExt.swift */; };
		CE36709A240D4A6500684C1D /* DetailViewModel.swift in Sources */ = {isa = PBXBuildFile; fileRef = CE367099240D4A6500684C1D /* DetailViewModel.swift */; };
		CE3A6050240612800031B935 /* AppDelegate.swift in Sources */ = {isa = PBXBuildFile; fileRef = CE3A604F240612800031B935 /* AppDelegate.swift */; };
		CE3A6052240612800031B935 /* SceneDelegate.swift in Sources */ = {isa = PBXBuildFile; fileRef = CE3A6051240612800031B935 /* SceneDelegate.swift */; };
		CE3A6059240612830031B935 /* Assets.xcassets in Resources */ = {isa = PBXBuildFile; fileRef = CE3A6058240612830031B935 /* Assets.xcassets */; };
		CE3A605C240612830031B935 /* LaunchScreen.storyboard in Resources */ = {isa = PBXBuildFile; fileRef = CE3A605A240612830031B935 /* LaunchScreen.storyboard */; };
		CE3A6070240613790031B935 /* String.swift in Sources */ = {isa = PBXBuildFile; fileRef = CE3A606D240613790031B935 /* String.swift */; };
		CE3A6071240613790031B935 /* Errors.swift in Sources */ = {isa = PBXBuildFile; fileRef = CE3A606E240613790031B935 /* Errors.swift */; };
		CE3A6072240613790031B935 /* App.swift in Sources */ = {isa = PBXBuildFile; fileRef = CE3A606F240613790031B935 /* App.swift */; };
		CE3A609F240614590031B935 /* Session.swift in Sources */ = {isa = PBXBuildFile; fileRef = CE3A6096240614580031B935 /* Session.swift */; };
		CE3A60AD240618D70031B935 /* SearchViewController.swift in Sources */ = {isa = PBXBuildFile; fileRef = CE3A60AB240618D70031B935 /* SearchViewController.swift */; };
		CE3A60AE240618D70031B935 /* SearchViewController.xib in Resources */ = {isa = PBXBuildFile; fileRef = CE3A60AC240618D70031B935 /* SearchViewController.xib */; };
		CE3A60B2240619080031B935 /* FavoritesViewController.swift in Sources */ = {isa = PBXBuildFile; fileRef = CE3A60B0240619080031B935 /* FavoritesViewController.swift */; };
		CE3A60B3240619080031B935 /* FavoritesViewController.xib in Resources */ = {isa = PBXBuildFile; fileRef = CE3A60B1240619080031B935 /* FavoritesViewController.xib */; };
		CE3A60B724061A360031B935 /* DetailViewController.swift in Sources */ = {isa = PBXBuildFile; fileRef = CE3A60B524061A360031B935 /* DetailViewController.swift */; };
		CE3A60B824061A360031B935 /* DetailViewController.xib in Resources */ = {isa = PBXBuildFile; fileRef = CE3A60B624061A360031B935 /* DetailViewController.xib */; };
		CE3A60BC24061C590031B935 /* TrendingViewController.swift in Sources */ = {isa = PBXBuildFile; fileRef = CE3A60BA24061C590031B935 /* TrendingViewController.swift */; };
		CE3A60BD24061C590031B935 /* TrendingViewController.xib in Resources */ = {isa = PBXBuildFile; fileRef = CE3A60BB24061C590031B935 /* TrendingViewController.xib */; };
		CE3A60C024061EB00031B935 /* HomeViewController.swift in Sources */ = {isa = PBXBuildFile; fileRef = CE3A60BE24061EB00031B935 /* HomeViewController.swift */; };
		CE3A60C124061EB00031B935 /* HomeViewController.xib in Resources */ = {isa = PBXBuildFile; fileRef = CE3A60BF24061EB00031B935 /* HomeViewController.xib */; };
		CE3A60C5240625D60031B935 /* CollectionViewCell.swift in Sources */ = {isa = PBXBuildFile; fileRef = CE3A60C3240625D60031B935 /* CollectionViewCell.swift */; };
		CE3A60C6240625D60031B935 /* CollectionViewCell.xib in Resources */ = {isa = PBXBuildFile; fileRef = CE3A60C4240625D60031B935 /* CollectionViewCell.xib */; };
		CEEAAF78240CBEB800BEF784 /* RequestSerializer.swift in Sources */ = {isa = PBXBuildFile; fileRef = CEEAAF77240CBEB800BEF784 /* RequestSerializer.swift */; };
		CEEAAF7A240CC26300BEF784 /* Error.swift in Sources */ = {isa = PBXBuildFile; fileRef = CEEAAF79240CC26300BEF784 /* Error.swift */; };
		CEEAAF7C240CC27C00BEF784 /* ApiManager.swift in Sources */ = {isa = PBXBuildFile; fileRef = CEEAAF7B240CC27C00BEF784 /* ApiManager.swift */; };
		CEEAAF7E240CC2A600BEF784 /* ResponseSerializer.swift in Sources */ = {isa = PBXBuildFile; fileRef = CEEAAF7D240CC2A600BEF784 /* ResponseSerializer.swift */; };
		CEEAAF80240CC2CD00BEF784 /* Api.swift in Sources */ = {isa = PBXBuildFile; fileRef = CEEAAF7F240CC2CD00BEF784 /* Api.swift */; };
		CEEAAF83240CC40B00BEF784 /* CollectionExt.swift in Sources */ = {isa = PBXBuildFile; fileRef = CEEAAF82240CC40B00BEF784 /* CollectionExt.swift */; };
		CEEAAF85240CC42000BEF784 /* NSErrorExt.swift in Sources */ = {isa = PBXBuildFile; fileRef = CEEAAF84240CC42000BEF784 /* NSErrorExt.swift */; };
		CEEAAF87240CC43C00BEF784 /* UIViewControllerExt.swift in Sources */ = {isa = PBXBuildFile; fileRef = CEEAAF86240CC43C00BEF784 /* UIViewControllerExt.swift */; };
		CEEAAF89240CC45100BEF784 /* UIViewExt.swift in Sources */ = {isa = PBXBuildFile; fileRef = CEEAAF88240CC45100BEF784 /* UIViewExt.swift */; };
		D2E38AF65A617F98776EE0C2 /* Pods_FoodiezRestaurantApp.framework in Frameworks */ = {isa = PBXBuildFile; fileRef = DBA09624EECDA8B46ECB3E8F /* Pods_FoodiezRestaurantApp.framework */; };
/* End PBXBuildFile section */

/* Begin PBXFileReference section */
		4466C0203A8E3D49EF1C1A8E /* Pods-FoodiezRestaurantApp.release.xcconfig */ = {isa = PBXFileReference; includeInIndex = 1; lastKnownFileType = text.xcconfig; name = "Pods-FoodiezRestaurantApp.release.xcconfig"; path = "Target Support Files/Pods-FoodiezRestaurantApp/Pods-FoodiezRestaurantApp.release.xcconfig"; sourceTree = "<group>"; };
		AB9D42BDC312D9C7D84F6345 /* Pods-FoodiezRestaurantApp.debug.xcconfig */ = {isa = PBXFileReference; includeInIndex = 1; lastKnownFileType = text.xcconfig; name = "Pods-FoodiezRestaurantApp.debug.xcconfig"; path = "Target Support Files/Pods-FoodiezRestaurantApp/Pods-FoodiezRestaurantApp.debug.xcconfig"; sourceTree = "<group>"; };
		CE33DAAA2406531E00DB6127 /* HomeViewModel.swift */ = {isa = PBXFileReference; lastKnownFileType = sourcecode.swift; path = HomeViewModel.swift; sourceTree = "<group>"; };
		CE33DAB124065E7700DB6127 /* Categories.swift */ = {isa = PBXFileReference; lastKnownFileType = sourcecode.swift; path = Categories.swift; sourceTree = "<group>"; };
		CE33DAB32406636400DB6127 /* CollectionCellViewModel.swift */ = {isa = PBXFileReference; lastKnownFileType = sourcecode.swift; path = CollectionCellViewModel.swift; sourceTree = "<group>"; };
		CE36708E240CED6200684C1D /* Data.Ext.swift */ = {isa = PBXFileReference; lastKnownFileType = sourcecode.swift; path = Data.Ext.swift; sourceTree = "<group>"; };
		CE367092240D3B2900684C1D /* API.Home.swift */ = {isa = PBXFileReference; lastKnownFileType = sourcecode.swift; path = API.Home.swift; sourceTree = "<group>"; };
		CE367094240D428400684C1D /* UIImageExt.swift */ = {isa = PBXFileReference; lastKnownFileType = sourcecode.swift; path = UIImageExt.swift; sourceTree = "<group>"; };
		CE367096240D474000684C1D /* UIKitExt.swift */ = {isa = PBXFileReference; lastKnownFileType = sourcecode.swift; path = UIKitExt.swift; sourceTree = "<group>"; };
		CE367099240D4A6500684C1D /* DetailViewModel.swift */ = {isa = PBXFileReference; lastKnownFileType = sourcecode.swift; path = DetailViewModel.swift; sourceTree = "<group>"; };
		CE3A604C240612800031B935 /* FoodiezRestaurantApp.app */ = {isa = PBXFileReference; explicitFileType = wrapper.application; includeInIndex = 0; path = FoodiezRestaurantApp.app; sourceTree = BUILT_PRODUCTS_DIR; };
		CE3A604F240612800031B935 /* AppDelegate.swift */ = {isa = PBXFileReference; lastKnownFileType = sourcecode.swift; path = AppDelegate.swift; sourceTree = "<group>"; };
		CE3A6051240612800031B935 /* SceneDelegate.swift */ = {isa = PBXFileReference; lastKnownFileType = sourcecode.swift; path = SceneDelegate.swift; sourceTree = "<group>"; };
		CE3A6058240612830031B935 /* Assets.xcassets */ = {isa = PBXFileReference; lastKnownFileType = folder.assetcatalog; path = Assets.xcassets; sourceTree = "<group>"; };
		CE3A605B240612830031B935 /* Base */ = {isa = PBXFileReference; lastKnownFileType = file.storyboard; name = Base; path = Base.lproj/LaunchScreen.storyboard; sourceTree = "<group>"; };
		CE3A605D240612830031B935 /* Info.plist */ = {isa = PBXFileReference; lastKnownFileType = text.plist.xml; path = Info.plist; sourceTree = "<group>"; };
		CE3A606D240613790031B935 /* String.swift */ = {isa = PBXFileReference; fileEncoding = 4; lastKnownFileType = sourcecode.swift; path = String.swift; sourceTree = "<group>"; };
		CE3A606E240613790031B935 /* Errors.swift */ = {isa = PBXFileReference; fileEncoding = 4; lastKnownFileType = sourcecode.swift; path = Errors.swift; sourceTree = "<group>"; };
		CE3A606F240613790031B935 /* App.swift */ = {isa = PBXFileReference; fileEncoding = 4; lastKnownFileType = sourcecode.swift; path = App.swift; sourceTree = "<group>"; };
		CE3A6096240614580031B935 /* Session.swift */ = {isa = PBXFileReference; fileEncoding = 4; lastKnownFileType = sourcecode.swift; path = Session.swift; sourceTree = "<group>"; };
		CE3A60AB240618D70031B935 /* SearchViewController.swift */ = {isa = PBXFileReference; lastKnownFileType = sourcecode.swift; path = SearchViewController.swift; sourceTree = "<group>"; };
		CE3A60AC240618D70031B935 /* SearchViewController.xib */ = {isa = PBXFileReference; lastKnownFileType = file.xib; path = SearchViewController.xib; sourceTree = "<group>"; };
		CE3A60B0240619080031B935 /* FavoritesViewController.swift */ = {isa = PBXFileReference; lastKnownFileType = sourcecode.swift; path = FavoritesViewController.swift; sourceTree = "<group>"; };
		CE3A60B1240619080031B935 /* FavoritesViewController.xib */ = {isa = PBXFileReference; lastKnownFileType = file.xib; path = FavoritesViewController.xib; sourceTree = "<group>"; };
		CE3A60B524061A360031B935 /* DetailViewController.swift */ = {isa = PBXFileReference; lastKnownFileType = sourcecode.swift; path = DetailViewController.swift; sourceTree = "<group>"; };
		CE3A60B624061A360031B935 /* DetailViewController.xib */ = {isa = PBXFileReference; lastKnownFileType = file.xib; path = DetailViewController.xib; sourceTree = "<group>"; };
		CE3A60BA24061C590031B935 /* TrendingViewController.swift */ = {isa = PBXFileReference; lastKnownFileType = sourcecode.swift; path = TrendingViewController.swift; sourceTree = "<group>"; };
		CE3A60BB24061C590031B935 /* TrendingViewController.xib */ = {isa = PBXFileReference; lastKnownFileType = file.xib; path = TrendingViewController.xib; sourceTree = "<group>"; };
		CE3A60BE24061EB00031B935 /* HomeViewController.swift */ = {isa = PBXFileReference; lastKnownFileType = sourcecode.swift; path = HomeViewController.swift; sourceTree = "<group>"; };
		CE3A60BF24061EB00031B935 /* HomeViewController.xib */ = {isa = PBXFileReference; lastKnownFileType = file.xib; path = HomeViewController.xib; sourceTree = "<group>"; };
		CE3A60C3240625D60031B935 /* CollectionViewCell.swift */ = {isa = PBXFileReference; lastKnownFileType = sourcecode.swift; path = CollectionViewCell.swift; sourceTree = "<group>"; };
		CE3A60C4240625D60031B935 /* CollectionViewCell.xib */ = {isa = PBXFileReference; lastKnownFileType = file.xib; path = CollectionViewCell.xib; sourceTree = "<group>"; };
		CEEAAF77240CBEB800BEF784 /* RequestSerializer.swift */ = {isa = PBXFileReference; lastKnownFileType = sourcecode.swift; path = RequestSerializer.swift; sourceTree = "<group>"; };
		CEEAAF79240CC26300BEF784 /* Error.swift */ = {isa = PBXFileReference; lastKnownFileType = sourcecode.swift; path = Error.swift; sourceTree = "<group>"; };
		CEEAAF7B240CC27C00BEF784 /* ApiManager.swift */ = {isa = PBXFileReference; lastKnownFileType = sourcecode.swift; path = ApiManager.swift; sourceTree = "<group>"; };
		CEEAAF7D240CC2A600BEF784 /* ResponseSerializer.swift */ = {isa = PBXFileReference; lastKnownFileType = sourcecode.swift; path = ResponseSerializer.swift; sourceTree = "<group>"; };
		CEEAAF7F240CC2CD00BEF784 /* Api.swift */ = {isa = PBXFileReference; lastKnownFileType = sourcecode.swift; path = Api.swift; sourceTree = "<group>"; };
		CEEAAF82240CC40B00BEF784 /* CollectionExt.swift */ = {isa = PBXFileReference; lastKnownFileType = sourcecode.swift; path = CollectionExt.swift; sourceTree = "<group>"; };
		CEEAAF84240CC42000BEF784 /* NSErrorExt.swift */ = {isa = PBXFileReference; lastKnownFileType = sourcecode.swift; path = NSErrorExt.swift; sourceTree = "<group>"; };
		CEEAAF86240CC43C00BEF784 /* UIViewControllerExt.swift */ = {isa = PBXFileReference; lastKnownFileType = sourcecode.swift; path = UIViewControllerExt.swift; sourceTree = "<group>"; };
		CEEAAF88240CC45100BEF784 /* UIViewExt.swift */ = {isa = PBXFileReference; lastKnownFileType = sourcecode.swift; path = UIViewExt.swift; sourceTree = "<group>"; };
		DBA09624EECDA8B46ECB3E8F /* Pods_FoodiezRestaurantApp.framework */ = {isa = PBXFileReference; explicitFileType = wrapper.framework; includeInIndex = 0; path = Pods_FoodiezRestaurantApp.framework; sourceTree = BUILT_PRODUCTS_DIR; };
/* End PBXFileReference section */

/* Begin PBXFrameworksBuildPhase section */
		CE3A6049240612800031B935 /* Frameworks */ = {
			isa = PBXFrameworksBuildPhase;
			buildActionMask = 2147483647;
			files = (
				D2E38AF65A617F98776EE0C2 /* Pods_FoodiezRestaurantApp.framework in Frameworks */,
			);
			runOnlyForDeploymentPostprocessing = 0;
		};
/* End PBXFrameworksBuildPhase section */

/* Begin PBXGroup section */
		0644324B17B0B6FDD477980F /* Pods */ = {
			isa = PBXGroup;
			children = (
				AB9D42BDC312D9C7D84F6345 /* Pods-FoodiezRestaurantApp.debug.xcconfig */,
				4466C0203A8E3D49EF1C1A8E /* Pods-FoodiezRestaurantApp.release.xcconfig */,
			);
			path = Pods;
			sourceTree = "<group>";
		};
		3643C5BA858E2AAF07BF45BA /* Frameworks */ = {
			isa = PBXGroup;
			children = (
				DBA09624EECDA8B46ECB3E8F /* Pods_FoodiezRestaurantApp.framework */,
			);
			name = Frameworks;
			sourceTree = "<group>";
		};
		CE33DAAC240657EA00DB6127 /* Objects */ = {
			isa = PBXGroup;
			children = (
				CE33DAB124065E7700DB6127 /* Categories.swift */,
			);
			path = Objects;
			sourceTree = "<group>";
		};
		CE3A6043240612800031B935 = {
			isa = PBXGroup;
			children = (
				CE3A604E240612800031B935 /* FoodiezRestaurantApp */,
				CE3A604D240612800031B935 /* Products */,
				0644324B17B0B6FDD477980F /* Pods */,
				3643C5BA858E2AAF07BF45BA /* Frameworks */,
			);
			sourceTree = "<group>";
		};
		CE3A604D240612800031B935 /* Products */ = {
			isa = PBXGroup;
			children = (
				CE3A604C240612800031B935 /* FoodiezRestaurantApp.app */,
			);
			name = Products;
			sourceTree = "<group>";
		};
		CE3A604E240612800031B935 /* FoodiezRestaurantApp */ = {
			isa = PBXGroup;
			children = (
				CEEAAF73240CBE6100BEF784 /* Library */,
				CEEAAF72240CBDFD00BEF784 /* AppDelegate */,
				CE3A605D240612830031B935 /* Info.plist */,
				CE3A6058240612830031B935 /* Assets.xcassets */,
				CE3A606C240613790031B935 /* Define */,
				CE3A605A240612830031B935 /* LaunchScreen.storyboard */,
				CE3A6095240614580031B935 /* Model */,
				CE3A6073240613B70031B935 /* View */,
			);
			path = FoodiezRestaurantApp;
			sourceTree = "<group>";
		};
		CE3A606C240613790031B935 /* Define */ = {
			isa = PBXGroup;
			children = (
				CE3A606D240613790031B935 /* String.swift */,
				CE3A606E240613790031B935 /* Errors.swift */,
				CE3A606F240613790031B935 /* App.swift */,
			);
			path = Define;
			sourceTree = "<group>";
		};
		CE3A6073240613B70031B935 /* View */ = {
			isa = PBXGroup;
			children = (
				CE3A6074240613B70031B935 /* Controller */,
				CE3A6075240613B70031B935 /* Control */,
				CE3A6076240613B70031B935 /* Base */,
			);
			path = View;
			sourceTree = "<group>";
		};
		CE3A6074240613B70031B935 /* Controller */ = {
			isa = PBXGroup;
			children = (
				CE3A60C724062ABC0031B935 /* Home */,
				CE3A60B924061C430031B935 /* TrendingVC */,
				CE3A60B4240619FE0031B935 /* DetailViewController */,
				CE3A60AF240618EA0031B935 /* FavoritesVC */,
				CE3A60AA240618B60031B935 /* SearchVC */,
			);
			path = Controller;
			sourceTree = "<group>";
		};
		CE3A6075240613B70031B935 /* Control */ = {
			isa = PBXGroup;
			children = (
			);
			path = Control;
			sourceTree = "<group>";
		};
		CE3A6076240613B70031B935 /* Base */ = {
			isa = PBXGroup;
			children = (
			);
			path = Base;
			sourceTree = "<group>";
		};
		CE3A6095240614580031B935 /* Model */ = {
			isa = PBXGroup;
			children = (
				CEEAAF75240CBE7F00BEF784 /* API */,
				CEEAAF74240CBE7400BEF784 /* Schema */,
				CE33DAAC240657EA00DB6127 /* Objects */,
				CE3A6096240614580031B935 /* Session.swift */,
			);
			path = Model;
			sourceTree = "<group>";
		};
		CE3A60A5240618730031B935 /* HomeVC */ = {
			isa = PBXGroup;
			children = (
				CE3A60BE24061EB00031B935 /* HomeViewController.swift */,
				CE3A60BF24061EB00031B935 /* HomeViewController.xib */,
				CE33DAAA2406531E00DB6127 /* HomeViewModel.swift */,
			);
			path = HomeVC;
			sourceTree = "<group>";
		};
		CE3A60AA240618B60031B935 /* SearchVC */ = {
			isa = PBXGroup;
			children = (
				CE3A60AB240618D70031B935 /* SearchViewController.swift */,
				CE3A60AC240618D70031B935 /* SearchViewController.xib */,
			);
			path = SearchVC;
			sourceTree = "<group>";
		};
		CE3A60AF240618EA0031B935 /* FavoritesVC */ = {
			isa = PBXGroup;
			children = (
				CE3A60B0240619080031B935 /* FavoritesViewController.swift */,
				CE3A60B1240619080031B935 /* FavoritesViewController.xib */,
			);
			path = FavoritesVC;
			sourceTree = "<group>";
		};
		CE3A60B4240619FE0031B935 /* DetailViewController */ = {
			isa = PBXGroup;
			children = (
				CE3A60B524061A360031B935 /* DetailViewController.swift */,
				CE3A60B624061A360031B935 /* DetailViewController.xib */,
				CE367099240D4A6500684C1D /* DetailViewModel.swift */,
			);
			path = DetailViewController;
			sourceTree = "<group>";
		};
		CE3A60B924061C430031B935 /* TrendingVC */ = {
			isa = PBXGroup;
			children = (
				CE3A60BA24061C590031B935 /* TrendingViewController.swift */,
				CE3A60BB24061C590031B935 /* TrendingViewController.xib */,
			);
			path = TrendingVC;
			sourceTree = "<group>";
		};
		CE3A60C2240625AE0031B935 /* Cell */ = {
			isa = PBXGroup;
			children = (
				CE3A60C3240625D60031B935 /* CollectionViewCell.swift */,
				CE3A60C4240625D60031B935 /* CollectionViewCell.xib */,
				CE33DAB32406636400DB6127 /* CollectionCellViewModel.swift */,
			);
			path = Cell;
			sourceTree = "<group>";
		};
		CE3A60C724062ABC0031B935 /* Home */ = {
			isa = PBXGroup;
			children = (
				CE3A60C2240625AE0031B935 /* Cell */,
				CE3A60A5240618730031B935 /* HomeVC */,
			);
			path = Home;
			sourceTree = "<group>";
		};
		CEEAAF72240CBDFD00BEF784 /* AppDelegate */ = {
			isa = PBXGroup;
			children = (
				CE3A604F240612800031B935 /* AppDelegate.swift */,
				CE3A6051240612800031B935 /* SceneDelegate.swift */,
			);
			path = AppDelegate;
			sourceTree = "<group>";
		};
		CEEAAF73240CBE6100BEF784 /* Library */ = {
			isa = PBXGroup;
			children = (
				CEEAAF81240CC3FB00BEF784 /* Ext */,
			);
			name = Library;
			path = "Librảy";
			sourceTree = "<group>";
		};
		CEEAAF74240CBE7400BEF784 /* Schema */ = {
			isa = PBXGroup;
			children = (
			);
			path = Schema;
			sourceTree = "<group>";
		};
		CEEAAF75240CBE7F00BEF784 /* API */ = {
			isa = PBXGroup;
			children = (
				CEEAAF76240CBE8900BEF784 /* Core */,
				CE367092240D3B2900684C1D /* API.Home.swift */,
			);
			path = API;
			sourceTree = "<group>";
		};
		CEEAAF76240CBE8900BEF784 /* Core */ = {
			isa = PBXGroup;
			children = (
				CEEAAF77240CBEB800BEF784 /* RequestSerializer.swift */,
				CEEAAF79240CC26300BEF784 /* Error.swift */,
				CEEAAF7B240CC27C00BEF784 /* ApiManager.swift */,
				CEEAAF7D240CC2A600BEF784 /* ResponseSerializer.swift */,
				CEEAAF7F240CC2CD00BEF784 /* Api.swift */,
			);
			path = Core;
			sourceTree = "<group>";
		};
		CEEAAF81240CC3FB00BEF784 /* Ext */ = {
			isa = PBXGroup;
			children = (
				CEEAAF82240CC40B00BEF784 /* CollectionExt.swift */,
				CEEAAF84240CC42000BEF784 /* NSErrorExt.swift */,
				CEEAAF86240CC43C00BEF784 /* UIViewControllerExt.swift */,
				CEEAAF88240CC45100BEF784 /* UIViewExt.swift */,
				CE36708E240CED6200684C1D /* Data.Ext.swift */,
				CE367094240D428400684C1D /* UIImageExt.swift */,
				CE367096240D474000684C1D /* UIKitExt.swift */,
			);
			path = Ext;
			sourceTree = "<group>";
		};
/* End PBXGroup section */

/* Begin PBXNativeTarget section */
		CE3A604B240612800031B935 /* FoodiezRestaurantApp */ = {
			isa = PBXNativeTarget;
			buildConfigurationList = CE3A6060240612830031B935 /* Build configuration list for PBXNativeTarget "FoodiezRestaurantApp" */;
			buildPhases = (
				C5DFDD67B48D166275EBBD29 /* [CP] Check Pods Manifest.lock */,
				CE3A6048240612800031B935 /* Sources */,
				CE3A6049240612800031B935 /* Frameworks */,
				CE3A604A240612800031B935 /* Resources */,
				25A2ECE5F3DCF45F030248A0 /* [CP] Embed Pods Frameworks */,
			);
			buildRules = (
			);
			dependencies = (
			);
			name = FoodiezRestaurantApp;
			productName = FoodiezRestaurantApp;
			productReference = CE3A604C240612800031B935 /* FoodiezRestaurantApp.app */;
			productType = "com.apple.product-type.application";
		};
/* End PBXNativeTarget section */

/* Begin PBXProject section */
		CE3A6044240612800031B935 /* Project object */ = {
			isa = PBXProject;
			attributes = {
				LastSwiftUpdateCheck = 1120;
				LastUpgradeCheck = 1120;
				ORGANIZATIONNAME = VienH;
				TargetAttributes = {
					CE3A604B240612800031B935 = {
						CreatedOnToolsVersion = 11.2;
					};
				};
			};
			buildConfigurationList = CE3A6047240612800031B935 /* Build configuration list for PBXProject "FoodiezRestaurantApp" */;
			compatibilityVersion = "Xcode 9.3";
			developmentRegion = en;
			hasScannedForEncodings = 0;
			knownRegions = (
				en,
				Base,
			);
			mainGroup = CE3A6043240612800031B935;
			productRefGroup = CE3A604D240612800031B935 /* Products */;
			projectDirPath = "";
			projectRoot = "";
			targets = (
				CE3A604B240612800031B935 /* FoodiezRestaurantApp */,
			);
		};
/* End PBXProject section */

/* Begin PBXResourcesBuildPhase section */
		CE3A604A240612800031B935 /* Resources */ = {
			isa = PBXResourcesBuildPhase;
			buildActionMask = 2147483647;
			files = (
				CE3A605C240612830031B935 /* LaunchScreen.storyboard in Resources */,
				CE3A60B824061A360031B935 /* DetailViewController.xib in Resources */,
				CE3A6059240612830031B935 /* Assets.xcassets in Resources */,
				CE3A60AE240618D70031B935 /* SearchViewController.xib in Resources */,
				CE3A60BD24061C590031B935 /* TrendingViewController.xib in Resources */,
				CE3A60C124061EB00031B935 /* HomeViewController.xib in Resources */,
				CE3A60C6240625D60031B935 /* CollectionViewCell.xib in Resources */,
				CE3A60B3240619080031B935 /* FavoritesViewController.xib in Resources */,
			);
			runOnlyForDeploymentPostprocessing = 0;
		};
/* End PBXResourcesBuildPhase section */

/* Begin PBXShellScriptBuildPhase section */
		25A2ECE5F3DCF45F030248A0 /* [CP] Embed Pods Frameworks */ = {
			isa = PBXShellScriptBuildPhase;
			buildActionMask = 2147483647;
			files = (
			);
			inputFileListPaths = (
				"${PODS_ROOT}/Target Support Files/Pods-FoodiezRestaurantApp/Pods-FoodiezRestaurantApp-frameworks-${CONFIGURATION}-input-files.xcfilelist",
			);
			name = "[CP] Embed Pods Frameworks";
			outputFileListPaths = (
				"${PODS_ROOT}/Target Support Files/Pods-FoodiezRestaurantApp/Pods-FoodiezRestaurantApp-frameworks-${CONFIGURATION}-output-files.xcfilelist",
			);
			runOnlyForDeploymentPostprocessing = 0;
			shellPath = /bin/sh;
			shellScript = "\"${PODS_ROOT}/Target Support Files/Pods-FoodiezRestaurantApp/Pods-FoodiezRestaurantApp-frameworks.sh\"\n";
			showEnvVarsInLog = 0;
		};
		C5DFDD67B48D166275EBBD29 /* [CP] Check Pods Manifest.lock */ = {
			isa = PBXShellScriptBuildPhase;
			buildActionMask = 2147483647;
			files = (
			);
			inputFileListPaths = (
			);
			inputPaths = (
				"${PODS_PODFILE_DIR_PATH}/Podfile.lock",
				"${PODS_ROOT}/Manifest.lock",
			);
			name = "[CP] Check Pods Manifest.lock";
			outputFileListPaths = (
			);
			outputPaths = (
				"$(DERIVED_FILE_DIR)/Pods-FoodiezRestaurantApp-checkManifestLockResult.txt",
			);
			runOnlyForDeploymentPostprocessing = 0;
			shellPath = /bin/sh;
			shellScript = "diff \"${PODS_PODFILE_DIR_PATH}/Podfile.lock\" \"${PODS_ROOT}/Manifest.lock\" > /dev/null\nif [ $? != 0 ] ; then\n    # print error to STDERR\n    echo \"error: The sandbox is not in sync with the Podfile.lock. Run 'pod install' or update your CocoaPods installation.\" >&2\n    exit 1\nfi\n# This output is used by Xcode 'outputs' to avoid re-running this script phase.\necho \"SUCCESS\" > \"${SCRIPT_OUTPUT_FILE_0}\"\n";
			showEnvVarsInLog = 0;
		};
/* End PBXShellScriptBuildPhase section */

/* Begin PBXSourcesBuildPhase section */
		CE3A6048240612800031B935 /* Sources */ = {
			isa = PBXSourcesBuildPhase;
			buildActionMask = 2147483647;
			files = (
				CE3A609F240614590031B935 /* Session.swift in Sources */,
				CE33DAB224065E7700DB6127 /* Categories.swift in Sources */,
				CE36709A240D4A6500684C1D /* DetailViewModel.swift in Sources */,
				CE33DAB42406636400DB6127 /* CollectionCellViewModel.swift in Sources */,
				CE367093240D3B2900684C1D /* API.Home.swift in Sources */,
				CE36708F240CED6200684C1D /* Data.Ext.swift in Sources */,
				CE3A60B2240619080031B935 /* FavoritesViewController.swift in Sources */,
				CE3A60C5240625D60031B935 /* CollectionViewCell.swift in Sources */,
				CEEAAF83240CC40B00BEF784 /* CollectionExt.swift in Sources */,
				CEEAAF78240CBEB800BEF784 /* RequestSerializer.swift in Sources */,
				CE3A60BC24061C590031B935 /* TrendingViewController.swift in Sources */,
				CEEAAF87240CC43C00BEF784 /* UIViewControllerExt.swift in Sources */,
				CE367095240D428400684C1D /* UIImageExt.swift in Sources */,
				CE367097240D474000684C1D /* UIKitExt.swift in Sources */,
				CE3A6071240613790031B935 /* Errors.swift in Sources */,
				CE3A60AD240618D70031B935 /* SearchViewController.swift in Sources */,
				CEEAAF7A240CC26300BEF784 /* Error.swift in Sources */,
				CEEAAF89240CC45100BEF784 /* UIViewExt.swift in Sources */,
				CEEAAF7C240CC27C00BEF784 /* ApiManager.swift in Sources */,
				CE3A6070240613790031B935 /* String.swift in Sources */,
				CE3A6050240612800031B935 /* AppDelegate.swift in Sources */,
				CE33DAAB2406531E00DB6127 /* HomeViewModel.swift in Sources */,
				CEEAAF85240CC42000BEF784 /* NSErrorExt.swift in Sources */,
				CE3A60C024061EB00031B935 /* HomeViewController.swift in Sources */,
				CEEAAF7E240CC2A600BEF784 /* ResponseSerializer.swift in Sources */,
				CE3A6072240613790031B935 /* App.swift in Sources */,
				CE3A60B724061A360031B935 /* DetailViewController.swift in Sources */,
				CEEAAF80240CC2CD00BEF784 /* Api.swift in Sources */,
				CE3A6052240612800031B935 /* SceneDelegate.swift in Sources */,
			);
			runOnlyForDeploymentPostprocessing = 0;
		};
/* End PBXSourcesBuildPhase section */

/* Begin PBXVariantGroup section */
		CE3A605A240612830031B935 /* LaunchScreen.storyboard */ = {
			isa = PBXVariantGroup;
			children = (
				CE3A605B240612830031B935 /* Base */,
			);
			name = LaunchScreen.storyboard;
			sourceTree = "<group>";
		};
/* End PBXVariantGroup section */

/* Begin XCBuildConfiguration section */
		CE3A605E240612830031B935 /* Debug */ = {
			isa = XCBuildConfiguration;
			buildSettings = {
				ALWAYS_SEARCH_USER_PATHS = NO;
				CLANG_ANALYZER_NONNULL = YES;
				CLANG_ANALYZER_NUMBER_OBJECT_CONVERSION = YES_AGGRESSIVE;
				CLANG_CXX_LANGUAGE_STANDARD = "gnu++14";
				CLANG_CXX_LIBRARY = "libc++";
				CLANG_ENABLE_MODULES = YES;
				CLANG_ENABLE_OBJC_ARC = YES;
				CLANG_ENABLE_OBJC_WEAK = YES;
				CLANG_WARN_BLOCK_CAPTURE_AUTORELEASING = YES;
				CLANG_WARN_BOOL_CONVERSION = YES;
				CLANG_WARN_COMMA = YES;
				CLANG_WARN_CONSTANT_CONVERSION = YES;
				CLANG_WARN_DEPRECATED_OBJC_IMPLEMENTATIONS = YES;
				CLANG_WARN_DIRECT_OBJC_ISA_USAGE = YES_ERROR;
				CLANG_WARN_DOCUMENTATION_COMMENTS = YES;
				CLANG_WARN_EMPTY_BODY = YES;
				CLANG_WARN_ENUM_CONVERSION = YES;
				CLANG_WARN_INFINITE_RECURSION = YES;
				CLANG_WARN_INT_CONVERSION = YES;
				CLANG_WARN_NON_LITERAL_NULL_CONVERSION = YES;
				CLANG_WARN_OBJC_IMPLICIT_RETAIN_SELF = YES;
				CLANG_WARN_OBJC_LITERAL_CONVERSION = YES;
				CLANG_WARN_OBJC_ROOT_CLASS = YES_ERROR;
				CLANG_WARN_RANGE_LOOP_ANALYSIS = YES;
				CLANG_WARN_STRICT_PROTOTYPES = YES;
				CLANG_WARN_SUSPICIOUS_MOVE = YES;
				CLANG_WARN_UNGUARDED_AVAILABILITY = YES_AGGRESSIVE;
				CLANG_WARN_UNREACHABLE_CODE = YES;
				CLANG_WARN__DUPLICATE_METHOD_MATCH = YES;
				COPY_PHASE_STRIP = NO;
				DEBUG_INFORMATION_FORMAT = dwarf;
				ENABLE_STRICT_OBJC_MSGSEND = YES;
				ENABLE_TESTABILITY = YES;
				GCC_C_LANGUAGE_STANDARD = gnu11;
				GCC_DYNAMIC_NO_PIC = NO;
				GCC_NO_COMMON_BLOCKS = YES;
				GCC_OPTIMIZATION_LEVEL = 0;
				GCC_PREPROCESSOR_DEFINITIONS = (
					"DEBUG=1",
					"$(inherited)",
				);
				GCC_WARN_64_TO_32_BIT_CONVERSION = YES;
				GCC_WARN_ABOUT_RETURN_TYPE = YES_ERROR;
				GCC_WARN_UNDECLARED_SELECTOR = YES;
				GCC_WARN_UNINITIALIZED_AUTOS = YES_AGGRESSIVE;
				GCC_WARN_UNUSED_FUNCTION = YES;
				GCC_WARN_UNUSED_VARIABLE = YES;
				IPHONEOS_DEPLOYMENT_TARGET = 13.2;
				MTL_ENABLE_DEBUG_INFO = INCLUDE_SOURCE;
				MTL_FAST_MATH = YES;
				ONLY_ACTIVE_ARCH = YES;
				SDKROOT = iphoneos;
				SWIFT_ACTIVE_COMPILATION_CONDITIONS = DEBUG;
				SWIFT_OPTIMIZATION_LEVEL = "-Onone";
			};
			name = Debug;
		};
		CE3A605F240612830031B935 /* Release */ = {
			isa = XCBuildConfiguration;
			buildSettings = {
				ALWAYS_SEARCH_USER_PATHS = NO;
				CLANG_ANALYZER_NONNULL = YES;
				CLANG_ANALYZER_NUMBER_OBJECT_CONVERSION = YES_AGGRESSIVE;
				CLANG_CXX_LANGUAGE_STANDARD = "gnu++14";
				CLANG_CXX_LIBRARY = "libc++";
				CLANG_ENABLE_MODULES = YES;
				CLANG_ENABLE_OBJC_ARC = YES;
				CLANG_ENABLE_OBJC_WEAK = YES;
				CLANG_WARN_BLOCK_CAPTURE_AUTORELEASING = YES;
				CLANG_WARN_BOOL_CONVERSION = YES;
				CLANG_WARN_COMMA = YES;
				CLANG_WARN_CONSTANT_CONVERSION = YES;
				CLANG_WARN_DEPRECATED_OBJC_IMPLEMENTATIONS = YES;
				CLANG_WARN_DIRECT_OBJC_ISA_USAGE = YES_ERROR;
				CLANG_WARN_DOCUMENTATION_COMMENTS = YES;
				CLANG_WARN_EMPTY_BODY = YES;
				CLANG_WARN_ENUM_CONVERSION = YES;
				CLANG_WARN_INFINITE_RECURSION = YES;
				CLANG_WARN_INT_CONVERSION = YES;
				CLANG_WARN_NON_LITERAL_NULL_CONVERSION = YES;
				CLANG_WARN_OBJC_IMPLICIT_RETAIN_SELF = YES;
				CLANG_WARN_OBJC_LITERAL_CONVERSION = YES;
				CLANG_WARN_OBJC_ROOT_CLASS = YES_ERROR;
				CLANG_WARN_RANGE_LOOP_ANALYSIS = YES;
				CLANG_WARN_STRICT_PROTOTYPES = YES;
				CLANG_WARN_SUSPICIOUS_MOVE = YES;
				CLANG_WARN_UNGUARDED_AVAILABILITY = YES_AGGRESSIVE;
				CLANG_WARN_UNREACHABLE_CODE = YES;
				CLANG_WARN__DUPLICATE_METHOD_MATCH = YES;
				COPY_PHASE_STRIP = NO;
				DEBUG_INFORMATION_FORMAT = "dwarf-with-dsym";
				ENABLE_NS_ASSERTIONS = NO;
				ENABLE_STRICT_OBJC_MSGSEND = YES;
				GCC_C_LANGUAGE_STANDARD = gnu11;
				GCC_NO_COMMON_BLOCKS = YES;
				GCC_WARN_64_TO_32_BIT_CONVERSION = YES;
				GCC_WARN_ABOUT_RETURN_TYPE = YES_ERROR;
				GCC_WARN_UNDECLARED_SELECTOR = YES;
				GCC_WARN_UNINITIALIZED_AUTOS = YES_AGGRESSIVE;
				GCC_WARN_UNUSED_FUNCTION = YES;
				GCC_WARN_UNUSED_VARIABLE = YES;
				IPHONEOS_DEPLOYMENT_TARGET = 13.2;
				MTL_ENABLE_DEBUG_INFO = NO;
				MTL_FAST_MATH = YES;
				SDKROOT = iphoneos;
				SWIFT_COMPILATION_MODE = wholemodule;
				SWIFT_OPTIMIZATION_LEVEL = "-O";
				VALIDATE_PRODUCT = YES;
			};
			name = Release;
		};
		CE3A6061240612830031B935 /* Debug */ = {
			isa = XCBuildConfiguration;
			baseConfigurationReference = AB9D42BDC312D9C7D84F6345 /* Pods-FoodiezRestaurantApp.debug.xcconfig */;
			buildSettings = {
				ASSETCATALOG_COMPILER_APPICON_NAME = AppIcon;
				CODE_SIGN_STYLE = Automatic;
				INFOPLIST_FILE = FoodiezRestaurantApp/Info.plist;
				LD_RUNPATH_SEARCH_PATHS = (
					"$(inherited)",
					"@executable_path/Frameworks",
				);
				PRODUCT_BUNDLE_IDENTIFIER = Tech.FoodiezRestaurantApp;
				PRODUCT_NAME = "$(TARGET_NAME)";
				SWIFT_VERSION = 5.0;
				TARGETED_DEVICE_FAMILY = "1,2";
			};
			name = Debug;
		};
		CE3A6062240612830031B935 /* Release */ = {
			isa = XCBuildConfiguration;
			baseConfigurationReference = 4466C0203A8E3D49EF1C1A8E /* Pods-FoodiezRestaurantApp.release.xcconfig */;
			buildSettings = {
				ASSETCATALOG_COMPILER_APPICON_NAME = AppIcon;
				CODE_SIGN_STYLE = Automatic;
				INFOPLIST_FILE = FoodiezRestaurantApp/Info.plist;
				LD_RUNPATH_SEARCH_PATHS = (
					"$(inherited)",
					"@executable_path/Frameworks",
				);
				PRODUCT_BUNDLE_IDENTIFIER = Tech.FoodiezRestaurantApp;
				PRODUCT_NAME = "$(TARGET_NAME)";
				SWIFT_VERSION = 5.0;
				TARGETED_DEVICE_FAMILY = "1,2";
			};
			name = Release;
		};
/* End XCBuildConfiguration section */

/* Begin XCConfigurationList section */
		CE3A6047240612800031B935 /* Build configuration list for PBXProject "FoodiezRestaurantApp" */ = {
			isa = XCConfigurationList;
			buildConfigurations = (
				CE3A605E240612830031B935 /* Debug */,
				CE3A605F240612830031B935 /* Release */,
			);
			defaultConfigurationIsVisible = 0;
			defaultConfigurationName = Release;
		};
		CE3A6060240612830031B935 /* Build configuration list for PBXNativeTarget "FoodiezRestaurantApp" */ = {
			isa = XCConfigurationList;
			buildConfigurations = (
				CE3A6061240612830031B935 /* Debug */,
				CE3A6062240612830031B935 /* Release */,
			);
			defaultConfigurationIsVisible = 0;
			defaultConfigurationName = Release;
		};
/* End XCConfigurationList section */
	};
	rootObject = CE3A6044240612800031B935 /* Project object */;
}
